# This file is automatically @generated by Cargo.
# It is not intended for manual editing.
[[package]]
name = "abc169"
version = "0.1.0"
dependencies = [
 "reduce",
]

[[package]]
name = "reduce"
version = "0.1.2"
source = "registry+https://github.com/rust-lang/crates.io-index"
checksum = "75b1fa5668b02f2a69746bba558f8f98cc087b123a587fd959122872ad9a3f3c"
